{
  "name": "@anderjason/observable",
  "version": "3.3.2",
  "lockfileVersion": 1,
  "requires": true,
  "dependencies": {
    "@anderjason/tests": {
      "version": "1.0.1",
      "resolved": "https://registry.npmjs.org/@anderjason/tests/-/tests-1.0.1.tgz",
      "integrity": "sha512-cZe/kS4An3PzYGDTYorcYOj/xLsR+7YxMXmkBNX5Gi0GZzt5x+u2m4pyYSwOWU1LTqoStEqWeXyc0xtV5Dfx3A==",
      "requires": {
        "typescript": "^4.0.2"
      }
    },
    "@anderjason/util": {
      "version": "2.4.0",
      "resolved": "https://registry.npmjs.org/@anderjason/util/-/util-2.4.0.tgz",
      "integrity": "sha512-NzxF8p+o7997lET7wK8Xn8peFgtuONDG6llG0bb9vfnmqYXc4/dIBwstprYcmppAsKsnhOUWld/6tAszs1+Oqg==",
      "requires": {
        "@anderjason/tests": "^1.0.1",
        "typescript": "^4.3.4"
      },
      "dependencies": {
        "typescript": {
          "version": "4.4.4",
          "resolved": "https://registry.npmjs.org/typescript/-/typescript-4.4.4.tgz",
          "integrity": "sha512-DqGhF5IKoBl8WNf8C1gu8q0xZSInh9j1kJJMqT3a94w1JzVaBU4EXOSMrz9yDqMT0xt3selp83fuFMQ0uzv6qA=="
        }
      }
    },
    "typescript": {
      "version": "4.4.4",
      "resolved": "https://registry.npmjs.org/typescript/-/typescript-4.4.4.tgz",
      "integrity": "sha512-DqGhF5IKoBl8WNf8C1gu8q0xZSInh9j1kJJMqT3a94w1JzVaBU4EXOSMrz9yDqMT0xt3selp83fuFMQ0uzv6qA=="
    }
  }
}
